// !$*UTF8*$!
{
	archiveVersion = 1;
	classes = {
	};
	objectVersion = 46;
	objects = {

/* Begin PBXBuildFile section */
		2B5077871A1DCCF5003EED48 /* underscore.swift in Sources */ = {isa = PBXBuildFile; fileRef = 2B5077861A1DCCF5003EED48 /* underscore.swift */; };
		2B587DEB1A1B1BC1008DD555 /* main.swift in Sources */ = {isa = PBXBuildFile; fileRef = 2B587DEA1A1B1BC1008DD555 /* main.swift */; };
/* End PBXBuildFile section */

/* Begin PBXCopyFilesBuildPhase section */
		2B587DE51A1B1BC1008DD555 /* CopyFiles */ = {
			isa = PBXCopyFilesBuildPhase;
			buildActionMask = 2147483647;
			dstPath = /usr/share/man/man1/;
			dstSubfolderSpec = 0;
			files = (
			);
			runOnlyForDeploymentPostprocessing = 1;
		};
/* End PBXCopyFilesBuildPhase section */

/* Begin PBXFileReference section */
		2B5077861A1DCCF5003EED48 /* underscore.swift */ = {isa = PBXFileReference; fileEncoding = 4; lastKnownFileType = sourcecode.swift; path = underscore.swift; sourceTree = "<group>"; };
		2B587DE71A1B1BC1008DD555 /* underscore */ = {isa = PBXFileReference; explicitFileType = "compiled.mach-o.executable"; includeInIndex = 0; path = underscore; sourceTree = BUILT_PRODUCTS_DIR; };
		2B587DEA1A1B1BC1008DD555 /* main.swift */ = {isa = PBXFileReference; lastKnownFileType = sourcecode.swift; path = main.swift; sourceTree = "<group>"; };
/* End PBXFileReference section */

/* Begin PBXFrameworksBuildPhase section */
		2B587DE41A1B1BC1008DD555 /* Frameworks */ = {
			isa = PBXFrameworksBuildPhase;
			buildActionMask = 2147483647;
			files = (
			);
			runOnlyForDeploymentPostprocessing = 0;
		};
/* End PBXFrameworksBuildPhase section */

/* Begin PBXGroup section */
		2B587DDE1A1B1BC1008DD555 = {
			isa = PBXGroup;
			children = (
				2B587DE91A1B1BC1008DD555 /* underscore */,
				2B587DE81A1B1BC1008DD555 /* Products */,
			);
			sourceTree = "<group>";
		};
		2B587DE81A1B1BC1008DD555 /* Products */ = {
			isa = PBXGroup;
			children = (
				2B587DE71A1B1BC1008DD555 /* underscore */,
			);
			name = Products;
			sourceTree = "<group>";
		};
		2B587DE91A1B1BC1008DD555 /* underscore */ = {
			isa = PBXGroup;
			children = (
				2B587DEA1A1B1BC1008DD555 /* main.swift */,
				2B5077861A1DCCF5003EED48 /* underscore.swift */,
			);
			path = underscore;
			sourceTree = "<group>";
		};
/* End PBXGroup section */

/* Begin PBXNativeTarget section */
		2B587DE61A1B1BC1008DD555 /* underscore */ = {
			isa = PBXNativeTarget;
			buildConfigurationList = 2B587DEE1A1B1BC1008DD555 /* Build configuration list for PBXNativeTarget "underscore" */;
			buildPhases = (
				2B587DE31A1B1BC1008DD555 /* Sources */,
				2B587DE41A1B1BC1008DD555 /* Frameworks */,
				2B587DE51A1B1BC1008DD555 /* CopyFiles */,
			);
			buildRules = (
			);
			dependencies = (
			);
			name = underscore;
			productName = underscore;
			productReference = 2B587DE71A1B1BC1008DD555 /* underscore */;
			productType = "com.apple.product-type.tool";
		};
/* End PBXNativeTarget section */

/* Begin PBXProject section */
		2B587DDF1A1B1BC1008DD555 /* Project object */ = {
			isa = PBXProject;
			attributes = {
				LastUpgradeCheck = 0610;
				ORGANIZATIONNAME = "yi zythum";
				TargetAttributes = {
					2B587DE61A1B1BC1008DD555 = {
						CreatedOnToolsVersion = 6.1;
					};
				};
			};
			buildConfigurationList = 2B587DE21A1B1BC1008DD555 /* Build configuration list for PBXProject "underscore" */;
			compatibilityVersion = "Xcode 3.2";
			developmentRegion = English;
			hasScannedForEncodings = 0;
			knownRegions = (
				en,
			);
			mainGroup = 2B587DDE1A1B1BC1008DD555;
			productRefGroup = 2B587DE81A1B1BC1008DD555 /* Products */;
			projectDirPath = "";
			projectRoot = "";
			targets = (
				2B587DE61A1B1BC1008DD555 /* underscore */,
			);
		};
/* End PBXProject section */

/* Begin PBXSourcesBuildPhase section */
		2B587DE31A1B1BC1008DD555 /* Sources */ = {
			isa = PBXSourcesBuildPhase;
			buildActionMask = 2147483647;
			files = (
				2B587DEB1A1B1BC1008DD555 /* main.swift in Sources */,
				2B5077871A1DCCF5003EED48 /* underscore.swift in Sources */,
			);
			runOnlyForDeploymentPostprocessing = 0;
		};
/* End PBXSourcesBuildPhase section */

/* Begin XCBuildConfiguration section */
		2B587DEC1A1B1BC1008DD555 /* Debug */ = {
			isa = XCBuildConfiguration;
			buildSettings = {
				ALWAYS_SEARCH_USER_PATHS = NO;
				CLANG_CXX_LANGUAGE_STANDARD = "gnu++0x";
				CLANG_CXX_LIBRARY = "libc++";
				CLANG_ENABLE_MODULES = YES;
				CLANG_ENABLE_OBJC_ARC = YES;
				CLANG_WARN_BOOL_CONVERSION = YES;
				CLANG_WARN_CONSTANT_CONVERSION = YES;
				CLANG_WARN_DIRECT_OBJC_ISA_USAGE = YES_ERROR;
				CLANG_WARN_EMPTY_BODY = YES;
				CLANG_WARN_ENUM_CONVERSION = YES;
				CLANG_WARN_INT_CONVERSION = YES;
				CLANG_WARN_OBJC_ROOT_CLASS = YES_ERROR;
				CLANG_WARN_UNREACHABLE_CODE = YES;
				CLANG_WARN__DUPLICATE_METHOD_MATCH = YES;
				COPY_PHASE_STRIP = NO;
				ENABLE_STRICT_OBJC_MSGSEND = YES;
				GCC_C_LANGUAGE_STANDARD = gnu99;
				GCC_DYNAMIC_NO_PIC = NO;
				GCC_OPTIMIZATION_LEVEL = 0;
				GCC_PREPROCESSOR_DEFINITIONS = (
					"DEBUG=1",
					"$(inherited)",
				);
				GCC_SYMBOLS_PRIVATE_EXTERN = NO;
				GCC_WARN_64_TO_32_BIT_CONVERSION = YES;
				GCC_WARN_ABOUT_RETURN_TYPE = YES_ERROR;
				GCC_WARN_UNDECLARED_SELECTOR = YES;
				GCC_WARN_UNINITIALIZED_AUTOS = YES_AGGRESSIVE;
				GCC_WARN_UNUSED_FUNCTION = YES;
				GCC_WARN_UNUSED_VARIABLE = YES;
				MACOSX_DEPLOYMENT_TARGET = 10.10;
				MTL_ENABLE_DEBUG_INFO = YES;
				ONLY_ACTIVE_ARCH = YES;
				SDKROOT = macosx;
				SWIFT_OPTIMIZATION_LEVEL = "-Onone";
			};
			name = Debug;
		};
		2B587DED1A1B1BC1008DD555 /* Release */ = {
			isa = XCBuildConfiguration;
			buildSettings = {
				ALWAYS_SEARCH_USER_PATHS = NO;
				CLANG_CXX_LANGUAGE_STANDARD = "gnu++0x";
				CLANG_CXX_LIBRARY = "libc++";
				CLANG_ENABLE_MODULES = YES;
				CLANG_ENABLE_OBJC_ARC = YES;
				CLANG_WARN_BOOL_CONVERSION = YES;
				CLANG_WARN_CONSTANT_CONVERSION = YES;
				CLANG_WARN_DIRECT_OBJC_ISA_USAGE = YES_ERROR;
				CLANG_WARN_EMPTY_BODY = YES;
				CLANG_WARN_ENUM_CONVERSION = YES;
				CLANG_WARN_INT_CONVERSION = YES;
				CLANG_WARN_OBJC_ROOT_CLASS = YES_ERROR;
				CLANG_WARN_UNREACHABLE_CODE = YES;
				CLANG_WARN__DUPLICATE_METHOD_MATCH = YES;
				COPY_PHASE_STRIP = YES;
				DEBUG_INFORMATION_FORMAT = "dwarf-with-dsym";
				ENABLE_NS_ASSERTIONS = NO;
				ENABLE_STRICT_OBJC_MSGSEND = YES;
				GCC_C_LANGUAGE_STANDARD = gnu99;
				GCC_WARN_64_TO_32_BIT_CONVERSION = YES;
				GCC_WARN_ABOUT_RETURN_TYPE = YES_ERROR;
				GCC_WARN_UNDECLARED_SELECTOR = YES;
				GCC_WARN_UNINITIALIZED_AUTOS = YES_AGGRESSIVE;
				GCC_WARN_UNUSED_FUNCTION = YES;
				GCC_WARN_UNUSED_VARIABLE = YES;
				MACOSX_DEPLOYMENT_TARGET = 10.10;
				MTL_ENABLE_DEBUG_INFO = NO;
				SDKROOT = macosx;
			};
			name = Release;
		};
		2B587DEF1A1B1BC1008DD555 /* Debug */ = {
			isa = XCBuildConfiguration;
			buildSettings = {
				PRODUCT_NAME = "$(TARGET_NAME)";
			};
			name = Debug;
		};
		2B587DF01A1B1BC1008DD555 /* Release */ = {
			isa = XCBuildConfiguration;
			buildSettings = {
				PRODUCT_NAME = "$(TARGET_NAME)";
			};
			name = Release;
		};
/* End XCBuildConfiguration section */

/* Begin XCConfigurationList section */
		2B587DE21A1B1BC1008DD555 /* Build configuration list for PBXProject "underscore" */ = {
			isa = XCConfigurationList;
			buildConfigurations = (
				2B587DEC1A1B1BC1008DD555 /* Debug */,
				2B587DED1A1B1BC1008DD555 /* Release */,
			);
			defaultConfigurationIsVisible = 0;
			defaultConfigurationName = Release;
		};
		2B587DEE1A1B1BC1008DD555 /* Build configuration list for PBXNativeTarget "underscore" */ = {
			isa = XCConfigurationList;
			buildConfigurations = (
				2B587DEF1A1B1BC1008DD555 /* Debug */,
				2B587DF01A1B1BC1008DD555 /* Release */,
			);
			defaultConfigurationIsVisible = 0;
			defaultConfigurationName = Release;
		};
/* End XCConfigurationList section */
	};
	rootObject = 2B587DDF1A1B1BC1008DD555 /* Project object */;
}
